
Microsoft Visual Studio Solution File, Format Version 12.00
# Visual Studio 15
VisualStudioVersion = 15.0.26124.0
MinimumVisualStudioVersion = 15.0.26124.0
Project("{2150E333-8FDC-42A3-9474-1A3956D46DE8}") = "src", "src", "{357219FD-8CE8-4755-8EBC-A706E1125B54}"
EndProject
Project("{FAE04EC0-301F-11D3-BF4B-00C04F79EFBC}") = "SimpleAPI", "src\SimpleAPI\SimpleAPI.csproj", "{B2F9056B-92F7-4EEF-83B1-3124756E4CBF}"
EndProject
Project("{2150E333-8FDC-42A3-9474-1A3956D46DE8}") = "test", "test", "{3B7170EB-A622-4F75-B0D5-5244233BDF2C}"
EndProject
Project("{FAE04EC0-301F-11D3-BF4B-00C04F79EFBC}") = "SimpleAPI.Test", "test\SimpleAPI.Test\SimpleAPI.Test.csproj", "{A6ED722A-4CC2-4F4E-B131-21FB39AD462D}"
EndProject
Global
	GlobalSection(SolutionConfigurationPlatforms) = preSolution
		Debug|Any CPU = Debug|Any CPU
		Debug|x64 = Debug|x64
		Debug|x86 = Debug|x86
		Release|Any CPU = Release|Any CPU
		Release|x64 = Release|x64
		Release|x86 = Release|x86
	EndGlobalSection
	GlobalSection(SolutionProperties) = preSolution
		HideSolutionNode = FALSE
	EndGlobalSection
	GlobalSection(ProjectConfigurationPlatforms) = postSolution
		{B2F9056B-92F7-4EEF-83B1-3124756E4CBF}.Debug|Any CPU.ActiveCfg = Debug|Any CPU
		{B2F9056B-92F7-4EEF-83B1-3124756E4CBF}.Debug|Any CPU.Build.0 = Debug|Any CPU
		{B2F9056B-92F7-4EEF-83B1-3124756E4CBF}.Debug|x64.ActiveCfg = Debug|Any CPU
		{B2F9056B-92F7-4EEF-83B1-3124756E4CBF}.Debug|x64.Build.0 = Debug|Any CPU
		{B2F9056B-92F7-4EEF-83B1-3124756E4CBF}.Debug|x86.ActiveCfg = Debug|Any CPU
		{B2F9056B-92F7-4EEF-83B1-3124756E4CBF}.Debug|x86.Build.0 = Debug|Any CPU
		{B2F9056B-92F7-4EEF-83B1-3124756E4CBF}.Release|Any CPU.ActiveCfg = Release|Any CPU
		{B2F9056B-92F7-4EEF-83B1-3124756E4CBF}.Release|Any CPU.Build.0 = Release|Any CPU
		{B2F9056B-92F7-4EEF-83B1-3124756E4CBF}.Release|x64.ActiveCfg = Release|Any CPU
		{B2F9056B-92F7-4EEF-83B1-3124756E4CBF}.Release|x64.Build.0 = Release|Any CPU
		{B2F9056B-92F7-4EEF-83B1-3124756E4CBF}.Release|x86.ActiveCfg = Release|Any CPU
		{B2F9056B-92F7-4EEF-83B1-3124756E4CBF}.Release|x86.Build.0 = Release|Any CPU
		{A6ED722A-4CC2-4F4E-B131-21FB39AD462D}.Debug|Any CPU.ActiveCfg = Debug|Any CPU
		{A6ED722A-4CC2-4F4E-B131-21FB39AD462D}.Debug|Any CPU.Build.0 = Debug|Any CPU
		{A6ED722A-4CC2-4F4E-B131-21FB39AD462D}.Debug|x64.ActiveCfg = Debug|Any CPU
		{A6ED722A-4CC2-4F4E-B131-21FB39AD462D}.Debug|x64.Build.0 = Debug|Any CPU
		{A6ED722A-4CC2-4F4E-B131-21FB39AD462D}.Debug|x86.ActiveCfg = Debug|Any CPU
		{A6ED722A-4CC2-4F4E-B131-21FB39AD462D}.Debug|x86.Build.0 = Debug|Any CPU
		{A6ED722A-4CC2-4F4E-B131-21FB39AD462D}.Release|Any CPU.ActiveCfg = Release|Any CPU
		{A6ED722A-4CC2-4F4E-B131-21FB39AD462D}.Release|Any CPU.Build.0 = Release|Any CPU
		{A6ED722A-4CC2-4F4E-B131-21FB39AD462D}.Release|x64.ActiveCfg = Release|Any CPU
		{A6ED722A-4CC2-4F4E-B131-21FB39AD462D}.Release|x64.Build.0 = Release|Any CPU
		{A6ED722A-4CC2-4F4E-B131-21FB39AD462D}.Release|x86.ActiveCfg = Release|Any CPU
		{A6ED722A-4CC2-4F4E-B131-21FB39AD462D}.Release|x86.Build.0 = Release|Any CPU
	EndGlobalSection
	GlobalSection(NestedProjects) = preSolution
		{B2F9056B-92F7-4EEF-83B1-3124756E4CBF} = {357219FD-8CE8-4755-8EBC-A706E1125B54}
		{A6ED722A-4CC2-4F4E-B131-21FB39AD462D} = {3B7170EB-A622-4F75-B0D5-5244233BDF2C}
	EndGlobalSection
EndGlobal